// !$*UTF8*$!
{
	archiveVersion = 1;
	classes = {
	};
	objectVersion = 56;
	objects = {

/* Begin PBXBuildFile section */
		0980490D2BB5E09000D855EA /* GaleryViewController.m in Sources */ = {isa = PBXBuildFile; fileRef = 0980490C2BB5E09000D855EA /* GaleryViewController.m */; };
		09B7FD392BB60986006A4469 /* GaleryStore.m in Sources */ = {isa = PBXBuildFile; fileRef = 09B7FD382BB60986006A4469 /* GaleryStore.m */; };
		09B7FD3C2BB60C58006A4469 /* GaleryViewCell.m in Sources */ = {isa = PBXBuildFile; fileRef = 09B7FD3B2BB60C58006A4469 /* GaleryViewCell.m */; };
		09D131582BB4D8A00038244F /* AppDelegate.m in Sources */ = {isa = PBXBuildFile; fileRef = 09D131572BB4D8A00038244F /* AppDelegate.m */; };
		09D1315B2BB4D8A00038244F /* SceneDelegate.m in Sources */ = {isa = PBXBuildFile; fileRef = 09D1315A2BB4D8A00038244F /* SceneDelegate.m */; };
		09D131632BB4D8A20038244F /* Assets.xcassets in Resources */ = {isa = PBXBuildFile; fileRef = 09D131622BB4D8A20038244F /* Assets.xcassets */; };
		09D131662BB4D8A20038244F /* LaunchScreen.storyboard in Resources */ = {isa = PBXBuildFile; fileRef = 09D131642BB4D8A20038244F /* LaunchScreen.storyboard */; };
		09D131692BB4D8A20038244F /* main.m in Sources */ = {isa = PBXBuildFile; fileRef = 09D131682BB4D8A20038244F /* main.m */; };
		09D131792BB571D60038244F /* CameraViewController.m in Sources */ = {isa = PBXBuildFile; fileRef = 09D131782BB571D60038244F /* CameraViewController.m */; };
		09D1317E2BB576C10038244F /* CameraView.m in Sources */ = {isa = PBXBuildFile; fileRef = 09D1317D2BB576C10038244F /* CameraView.m */; };
/* End PBXBuildFile section */

/* Begin PBXFileReference section */
		098048EB2BB5BD6200D855EA /* CameraVCDelegate.h */ = {isa = PBXFileReference; lastKnownFileType = sourcecode.c.h; path = CameraVCDelegate.h; sourceTree = "<group>"; };
		0980490B2BB5E09000D855EA /* GaleryViewController.h */ = {isa = PBXFileReference; lastKnownFileType = sourcecode.c.h; path = GaleryViewController.h; sourceTree = "<group>"; };
		0980490C2BB5E09000D855EA /* GaleryViewController.m */ = {isa = PBXFileReference; lastKnownFileType = sourcecode.c.objc; path = GaleryViewController.m; sourceTree = "<group>"; };
		09B7FD372BB60986006A4469 /* GaleryStore.h */ = {isa = PBXFileReference; lastKnownFileType = sourcecode.c.h; path = GaleryStore.h; sourceTree = "<group>"; };
		09B7FD382BB60986006A4469 /* GaleryStore.m */ = {isa = PBXFileReference; lastKnownFileType = sourcecode.c.objc; path = GaleryStore.m; sourceTree = "<group>"; };
		09B7FD3A2BB60C58006A4469 /* GaleryViewCell.h */ = {isa = PBXFileReference; lastKnownFileType = sourcecode.c.h; path = GaleryViewCell.h; sourceTree = "<group>"; };
		09B7FD3B2BB60C58006A4469 /* GaleryViewCell.m */ = {isa = PBXFileReference; lastKnownFileType = sourcecode.c.objc; path = GaleryViewCell.m; sourceTree = "<group>"; };
		09D131532BB4D8A00038244F /* CameraApp.app */ = {isa = PBXFileReference; explicitFileType = wrapper.application; includeInIndex = 0; path = CameraApp.app; sourceTree = BUILT_PRODUCTS_DIR; };
		09D131562BB4D8A00038244F /* AppDelegate.h */ = {isa = PBXFileReference; lastKnownFileType = sourcecode.c.h; path = AppDelegate.h; sourceTree = "<group>"; };
		09D131572BB4D8A00038244F /* AppDelegate.m */ = {isa = PBXFileReference; lastKnownFileType = sourcecode.c.objc; path = AppDelegate.m; sourceTree = "<group>"; };
		09D131592BB4D8A00038244F /* SceneDelegate.h */ = {isa = PBXFileReference; lastKnownFileType = sourcecode.c.h; path = SceneDelegate.h; sourceTree = "<group>"; };
		09D1315A2BB4D8A00038244F /* SceneDelegate.m */ = {isa = PBXFileReference; lastKnownFileType = sourcecode.c.objc; path = SceneDelegate.m; sourceTree = "<group>"; };
		09D131622BB4D8A20038244F /* Assets.xcassets */ = {isa = PBXFileReference; lastKnownFileType = folder.assetcatalog; path = Assets.xcassets; sourceTree = "<group>"; };
		09D131652BB4D8A20038244F /* Base */ = {isa = PBXFileReference; lastKnownFileType = file.storyboard; name = Base; path = Base.lproj/LaunchScreen.storyboard; sourceTree = "<group>"; };
		09D131672BB4D8A20038244F /* Info.plist */ = {isa = PBXFileReference; lastKnownFileType = text.plist.xml; path = Info.plist; sourceTree = "<group>"; };
		09D131682BB4D8A20038244F /* main.m */ = {isa = PBXFileReference; lastKnownFileType = sourcecode.c.objc; path = main.m; sourceTree = "<group>"; };
		09D131772BB5714E0038244F /* CameraViewController.h */ = {isa = PBXFileReference; lastKnownFileType = sourcecode.c.h; path = CameraViewController.h; sourceTree = "<group>"; };
		09D131782BB571D60038244F /* CameraViewController.m */ = {isa = PBXFileReference; lastKnownFileType = sourcecode.c.objc; path = CameraViewController.m; sourceTree = "<group>"; };
		09D1317C2BB576C10038244F /* CameraView.h */ = {isa = PBXFileReference; lastKnownFileType = sourcecode.c.h; path = CameraView.h; sourceTree = "<group>"; };
		09D1317D2BB576C10038244F /* CameraView.m */ = {isa = PBXFileReference; lastKnownFileType = sourcecode.c.objc; path = CameraView.m; sourceTree = "<group>"; };
/* End PBXFileReference section */

/* Begin PBXFrameworksBuildPhase section */
		09D131502BB4D8A00038244F /* Frameworks */ = {
			isa = PBXFrameworksBuildPhase;
			buildActionMask = 2147483647;
			files = (
			);
			runOnlyForDeploymentPostprocessing = 0;
		};
/* End PBXFrameworksBuildPhase section */

/* Begin PBXGroup section */
		098049092BB5DF2400D855EA /* Controller */ = {
			isa = PBXGroup;
			children = (
				0980490B2BB5E09000D855EA /* GaleryViewController.h */,
				0980490C2BB5E09000D855EA /* GaleryViewController.m */,
			);
			path = Controller;
			sourceTree = "<group>";
		};
		0980490A2BB5DF2C00D855EA /* View */ = {
			isa = PBXGroup;
			children = (
				09B7FD3A2BB60C58006A4469 /* GaleryViewCell.h */,
				09B7FD3B2BB60C58006A4469 /* GaleryViewCell.m */,
			);
			path = View;
			sourceTree = "<group>";
		};
		09B7FD362BB60973006A4469 /* Store */ = {
			isa = PBXGroup;
			children = (
				09B7FD372BB60986006A4469 /* GaleryStore.h */,
				09B7FD382BB60986006A4469 /* GaleryStore.m */,
			);
			path = Store;
			sourceTree = "<group>";
		};
		09D1314A2BB4D8A00038244F = {
			isa = PBXGroup;
			children = (
				09D131552BB4D8A00038244F /* CameraApp */,
				09D131542BB4D8A00038244F /* Products */,
			);
			sourceTree = "<group>";
		};
		09D131542BB4D8A00038244F /* Products */ = {
			isa = PBXGroup;
			children = (
				09D131532BB4D8A00038244F /* CameraApp.app */,
			);
			name = Products;
			sourceTree = "<group>";
		};
		09D131552BB4D8A00038244F /* CameraApp */ = {
			isa = PBXGroup;
			children = (
				09D131712BB570170038244F /* Core */,
				09D1316F2BB56FF00038244F /* System */,
				09D131702BB56FFB0038244F /* Resources */,
			);
			path = CameraApp;
			sourceTree = "<group>";
		};
		09D1316F2BB56FF00038244F /* System */ = {
			isa = PBXGroup;
			children = (
				09D131562BB4D8A00038244F /* AppDelegate.h */,
				09D131572BB4D8A00038244F /* AppDelegate.m */,
				09D131592BB4D8A00038244F /* SceneDelegate.h */,
				09D1315A2BB4D8A00038244F /* SceneDelegate.m */,
				09D131682BB4D8A20038244F /* main.m */,
			);
			path = System;
			sourceTree = "<group>";
		};
		09D131702BB56FFB0038244F /* Resources */ = {
			isa = PBXGroup;
			children = (
				09D131622BB4D8A20038244F /* Assets.xcassets */,
				09D131642BB4D8A20038244F /* LaunchScreen.storyboard */,
				09D131672BB4D8A20038244F /* Info.plist */,
			);
			path = Resources;
			sourceTree = "<group>";
		};
		09D131712BB570170038244F /* Core */ = {
			isa = PBXGroup;
			children = (
				09B7FD362BB60973006A4469 /* Store */,
				09D131762BB571310038244F /* Galery */,
				09D131752BB571280038244F /* Camera */,
			);
			path = Core;
			sourceTree = "<group>";
		};
		09D131752BB571280038244F /* Camera */ = {
			isa = PBXGroup;
			children = (
				09D1317B2BB576AD0038244F /* View */,
				09D1317A2BB5769B0038244F /* Controller */,
			);
			path = Camera;
			sourceTree = "<group>";
		};
		09D131762BB571310038244F /* Galery */ = {
			isa = PBXGroup;
			children = (
				0980490A2BB5DF2C00D855EA /* View */,
				098049092BB5DF2400D855EA /* Controller */,
			);
			path = Galery;
			sourceTree = "<group>";
		};
		09D1317A2BB5769B0038244F /* Controller */ = {
			isa = PBXGroup;
			children = (
				098048EB2BB5BD6200D855EA /* CameraVCDelegate.h */,
				09D131772BB5714E0038244F /* CameraViewController.h */,
				09D131782BB571D60038244F /* CameraViewController.m */,
			);
			path = Controller;
			sourceTree = "<group>";
		};
		09D1317B2BB576AD0038244F /* View */ = {
			isa = PBXGroup;
			children = (
				09D1317C2BB576C10038244F /* CameraView.h */,
				09D1317D2BB576C10038244F /* CameraView.m */,
			);
			path = View;
			sourceTree = "<group>";
		};
/* End PBXGroup section */

/* Begin PBXNativeTarget section */
		09D131522BB4D8A00038244F /* CameraApp */ = {
			isa = PBXNativeTarget;
			buildConfigurationList = 09D1316C2BB4D8A20038244F /* Build configuration list for PBXNativeTarget "CameraApp" */;
			buildPhases = (
				09D1314F2BB4D8A00038244F /* Sources */,
				09D131502BB4D8A00038244F /* Frameworks */,
				09D131512BB4D8A00038244F /* Resources */,
			);
			buildRules = (
			);
			dependencies = (
			);
			name = CameraApp;
			productName = CameraApp;
			productReference = 09D131532BB4D8A00038244F /* CameraApp.app */;
			productType = "com.apple.product-type.application";
		};
/* End PBXNativeTarget section */

/* Begin PBXProject section */
		09D1314B2BB4D8A00038244F /* Project object */ = {
			isa = PBXProject;
			attributes = {
				BuildIndependentTargetsInParallel = 1;
				LastUpgradeCheck = 1420;
				TargetAttributes = {
					09D131522BB4D8A00038244F = {
						CreatedOnToolsVersion = 14.2;
					};
				};
			};
			buildConfigurationList = 09D1314E2BB4D8A00038244F /* Build configuration list for PBXProject "CameraApp" */;
			compatibilityVersion = "Xcode 14.0";
			developmentRegion = en;
			hasScannedForEncodings = 0;
			knownRegions = (
				en,
				Base,
			);
			mainGroup = 09D1314A2BB4D8A00038244F;
			productRefGroup = 09D131542BB4D8A00038244F /* Products */;
			projectDirPath = "";
			projectRoot = "";
			targets = (
				09D131522BB4D8A00038244F /* CameraApp */,
			);
		};
/* End PBXProject section */

/* Begin PBXResourcesBuildPhase section */
		09D131512BB4D8A00038244F /* Resources */ = {
			isa = PBXResourcesBuildPhase;
			buildActionMask = 2147483647;
			files = (
				09D131662BB4D8A20038244F /* LaunchScreen.storyboard in Resources */,
				09D131632BB4D8A20038244F /* Assets.xcassets in Resources */,
			);
			runOnlyForDeploymentPostprocessing = 0;
		};
/* End PBXResourcesBuildPhase section */

/* Begin PBXSourcesBuildPhase section */
		09D1314F2BB4D8A00038244F /* Sources */ = {
			isa = PBXSourcesBuildPhase;
			buildActionMask = 2147483647;
			files = (
				09D131582BB4D8A00038244F /* AppDelegate.m in Sources */,
				09D131792BB571D60038244F /* CameraViewController.m in Sources */,
				09B7FD3C2BB60C58006A4469 /* GaleryViewCell.m in Sources */,
				09D1317E2BB576C10038244F /* CameraView.m in Sources */,
				09D131692BB4D8A20038244F /* main.m in Sources */,
				09B7FD392BB60986006A4469 /* GaleryStore.m in Sources */,
				0980490D2BB5E09000D855EA /* GaleryViewController.m in Sources */,
				09D1315B2BB4D8A00038244F /* SceneDelegate.m in Sources */,
			);
			runOnlyForDeploymentPostprocessing = 0;
		};
/* End PBXSourcesBuildPhase section */

/* Begin PBXVariantGroup section */
		09D131642BB4D8A20038244F /* LaunchScreen.storyboard */ = {
			isa = PBXVariantGroup;
			children = (
				09D131652BB4D8A20038244F /* Base */,
			);
			name = LaunchScreen.storyboard;
			sourceTree = "<group>";
		};
/* End PBXVariantGroup section */

/* Begin XCBuildConfiguration section */
		09D1316A2BB4D8A20038244F /* Debug */ = {
			isa = XCBuildConfiguration;
			buildSettings = {
				ALWAYS_SEARCH_USER_PATHS = NO;
				CLANG_ANALYZER_NONNULL = YES;
				CLANG_ANALYZER_NUMBER_OBJECT_CONVERSION = YES_AGGRESSIVE;
				CLANG_CXX_LANGUAGE_STANDARD = "gnu++20";
				CLANG_ENABLE_MODULES = YES;
				CLANG_ENABLE_OBJC_ARC = YES;
				CLANG_ENABLE_OBJC_WEAK = YES;
				CLANG_WARN_BLOCK_CAPTURE_AUTORELEASING = YES;
				CLANG_WARN_BOOL_CONVERSION = YES;
				CLANG_WARN_COMMA = YES;
				CLANG_WARN_CONSTANT_CONVERSION = YES;
				CLANG_WARN_DEPRECATED_OBJC_IMPLEMENTATIONS = YES;
				CLANG_WARN_DIRECT_OBJC_ISA_USAGE = YES_ERROR;
				CLANG_WARN_DOCUMENTATION_COMMENTS = YES;
				CLANG_WARN_EMPTY_BODY = YES;
				CLANG_WARN_ENUM_CONVERSION = YES;
				CLANG_WARN_INFINITE_RECURSION = YES;
				CLANG_WARN_INT_CONVERSION = YES;
				CLANG_WARN_NON_LITERAL_NULL_CONVERSION = YES;
				CLANG_WARN_OBJC_IMPLICIT_RETAIN_SELF = YES;
				CLANG_WARN_OBJC_LITERAL_CONVERSION = YES;
				CLANG_WARN_OBJC_ROOT_CLASS = YES_ERROR;
				CLANG_WARN_QUOTED_INCLUDE_IN_FRAMEWORK_HEADER = YES;
				CLANG_WARN_RANGE_LOOP_ANALYSIS = YES;
				CLANG_WARN_STRICT_PROTOTYPES = YES;
				CLANG_WARN_SUSPICIOUS_MOVE = YES;
				CLANG_WARN_UNGUARDED_AVAILABILITY = YES_AGGRESSIVE;
				CLANG_WARN_UNREACHABLE_CODE = YES;
				CLANG_WARN__DUPLICATE_METHOD_MATCH = YES;
				COPY_PHASE_STRIP = NO;
				DEBUG_INFORMATION_FORMAT = dwarf;
				ENABLE_STRICT_OBJC_MSGSEND = YES;
				ENABLE_TESTABILITY = YES;
				GCC_C_LANGUAGE_STANDARD = gnu11;
				GCC_DYNAMIC_NO_PIC = NO;
				GCC_NO_COMMON_BLOCKS = YES;
				GCC_OPTIMIZATION_LEVEL = 0;
				GCC_PREPROCESSOR_DEFINITIONS = (
					"DEBUG=1",
					"$(inherited)",
				);
				GCC_WARN_64_TO_32_BIT_CONVERSION = YES;
				GCC_WARN_ABOUT_RETURN_TYPE = YES_ERROR;
				GCC_WARN_UNDECLARED_SELECTOR = YES;
				GCC_WARN_UNINITIALIZED_AUTOS = YES_AGGRESSIVE;
				GCC_WARN_UNUSED_FUNCTION = YES;
				GCC_WARN_UNUSED_VARIABLE = YES;
				IPHONEOS_DEPLOYMENT_TARGET = 16.2;
				MTL_ENABLE_DEBUG_INFO = INCLUDE_SOURCE;
				MTL_FAST_MATH = YES;
				ONLY_ACTIVE_ARCH = YES;
				SDKROOT = iphoneos;
			};
			name = Debug;
		};
		09D1316B2BB4D8A20038244F /* Release */ = {
			isa = XCBuildConfiguration;
			buildSettings = {
				ALWAYS_SEARCH_USER_PATHS = NO;
				CLANG_ANALYZER_NONNULL = YES;
				CLANG_ANALYZER_NUMBER_OBJECT_CONVERSION = YES_AGGRESSIVE;
				CLANG_CXX_LANGUAGE_STANDARD = "gnu++20";
				CLANG_ENABLE_MODULES = YES;
				CLANG_ENABLE_OBJC_ARC = YES;
				CLANG_ENABLE_OBJC_WEAK = YES;
				CLANG_WARN_BLOCK_CAPTURE_AUTORELEASING = YES;
				CLANG_WARN_BOOL_CONVERSION = YES;
				CLANG_WARN_COMMA = YES;
				CLANG_WARN_CONSTANT_CONVERSION = YES;
				CLANG_WARN_DEPRECATED_OBJC_IMPLEMENTATIONS = YES;
				CLANG_WARN_DIRECT_OBJC_ISA_USAGE = YES_ERROR;
				CLANG_WARN_DOCUMENTATION_COMMENTS = YES;
				CLANG_WARN_EMPTY_BODY = YES;
				CLANG_WARN_ENUM_CONVERSION = YES;
				CLANG_WARN_INFINITE_RECURSION = YES;
				CLANG_WARN_INT_CONVERSION = YES;
				CLANG_WARN_NON_LITERAL_NULL_CONVERSION = YES;
				CLANG_WARN_OBJC_IMPLICIT_RETAIN_SELF = YES;
				CLANG_WARN_OBJC_LITERAL_CONVERSION = YES;
				CLANG_WARN_OBJC_ROOT_CLASS = YES_ERROR;
				CLANG_WARN_QUOTED_INCLUDE_IN_FRAMEWORK_HEADER = YES;
				CLANG_WARN_RANGE_LOOP_ANALYSIS = YES;
				CLANG_WARN_STRICT_PROTOTYPES = YES;
				CLANG_WARN_SUSPICIOUS_MOVE = YES;
				CLANG_WARN_UNGUARDED_AVAILABILITY = YES_AGGRESSIVE;
				CLANG_WARN_UNREACHABLE_CODE = YES;
				CLANG_WARN__DUPLICATE_METHOD_MATCH = YES;
				COPY_PHASE_STRIP = NO;
				DEBUG_INFORMATION_FORMAT = "dwarf-with-dsym";
				ENABLE_NS_ASSERTIONS = NO;
				ENABLE_STRICT_OBJC_MSGSEND = YES;
				GCC_C_LANGUAGE_STANDARD = gnu11;
				GCC_NO_COMMON_BLOCKS = YES;
				GCC_WARN_64_TO_32_BIT_CONVERSION = YES;
				GCC_WARN_ABOUT_RETURN_TYPE = YES_ERROR;
				GCC_WARN_UNDECLARED_SELECTOR = YES;
				GCC_WARN_UNINITIALIZED_AUTOS = YES_AGGRESSIVE;
				GCC_WARN_UNUSED_FUNCTION = YES;
				GCC_WARN_UNUSED_VARIABLE = YES;
				IPHONEOS_DEPLOYMENT_TARGET = 16.2;
				MTL_ENABLE_DEBUG_INFO = NO;
				MTL_FAST_MATH = YES;
				SDKROOT = iphoneos;
				VALIDATE_PRODUCT = YES;
			};
			name = Release;
		};
		09D1316D2BB4D8A20038244F /* Debug */ = {
			isa = XCBuildConfiguration;
			buildSettings = {
				ASSETCATALOG_COMPILER_APPICON_NAME = AppIcon;
				ASSETCATALOG_COMPILER_GLOBAL_ACCENT_COLOR_NAME = AccentColor;
				CODE_SIGN_STYLE = Automatic;
				CURRENT_PROJECT_VERSION = 1;
				DEVELOPMENT_TEAM = 2B85PH5M9P;
				GENERATE_INFOPLIST_FILE = YES;
				INFOPLIST_FILE = CameraApp/Resources/Info.plist;
				INFOPLIST_KEY_UIApplicationSupportsIndirectInputEvents = YES;
				INFOPLIST_KEY_UILaunchStoryboardName = LaunchScreen;
				INFOPLIST_KEY_UISupportedInterfaceOrientations_iPad = "UIInterfaceOrientationPortrait UIInterfaceOrientationPortraitUpsideDown UIInterfaceOrientationLandscapeLeft UIInterfaceOrientationLandscapeRight";
				INFOPLIST_KEY_UISupportedInterfaceOrientations_iPhone = "UIInterfaceOrientationPortrait UIInterfaceOrientationLandscapeLeft UIInterfaceOrientationLandscapeRight";
				LD_RUNPATH_SEARCH_PATHS = (
					"$(inherited)",
					"@executable_path/Frameworks",
				);
				MARKETING_VERSION = 1.0;
				PRODUCT_BUNDLE_IDENTIFIER = YanRybkin.CameraApp;
				PRODUCT_NAME = "$(TARGET_NAME)";
				SWIFT_EMIT_LOC_STRINGS = YES;
				TARGETED_DEVICE_FAMILY = "1,2";
			};
			name = Debug;
		};
		09D1316E2BB4D8A20038244F /* Release */ = {
			isa = XCBuildConfiguration;
			buildSettings = {
				ASSETCATALOG_COMPILER_APPICON_NAME = AppIcon;
				ASSETCATALOG_COMPILER_GLOBAL_ACCENT_COLOR_NAME = AccentColor;
				CODE_SIGN_STYLE = Automatic;
				CURRENT_PROJECT_VERSION = 1;
				DEVELOPMENT_TEAM = 2B85PH5M9P;
				GENERATE_INFOPLIST_FILE = YES;
				INFOPLIST_FILE = CameraApp/Resources/Info.plist;
				INFOPLIST_KEY_UIApplicationSupportsIndirectInputEvents = YES;
				INFOPLIST_KEY_UILaunchStoryboardName = LaunchScreen;
				INFOPLIST_KEY_UISupportedInterfaceOrientations_iPad = "UIInterfaceOrientationPortrait UIInterfaceOrientationPortraitUpsideDown UIInterfaceOrientationLandscapeLeft UIInterfaceOrientationLandscapeRight";
				INFOPLIST_KEY_UISupportedInterfaceOrientations_iPhone = "UIInterfaceOrientationPortrait UIInterfaceOrientationLandscapeLeft UIInterfaceOrientationLandscapeRight";
				LD_RUNPATH_SEARCH_PATHS = (
					"$(inherited)",
					"@executable_path/Frameworks",
				);
				MARKETING_VERSION = 1.0;
				PRODUCT_BUNDLE_IDENTIFIER = YanRybkin.CameraApp;
				PRODUCT_NAME = "$(TARGET_NAME)";
				SWIFT_EMIT_LOC_STRINGS = YES;
				TARGETED_DEVICE_FAMILY = "1,2";
			};
			name = Release;
		};
/* End XCBuildConfiguration section */

/* Begin XCConfigurationList section */
		09D1314E2BB4D8A00038244F /* Build configuration list for PBXProject "CameraApp" */ = {
			isa = XCConfigurationList;
			buildConfigurations = (
				09D1316A2BB4D8A20038244F /* Debug */,
				09D1316B2BB4D8A20038244F /* Release */,
			);
			defaultConfigurationIsVisible = 0;
			defaultConfigurationName = Release;
		};
		09D1316C2BB4D8A20038244F /* Build configuration list for PBXNativeTarget "CameraApp" */ = {
			isa = XCConfigurationList;
			buildConfigurations = (
				09D1316D2BB4D8A20038244F /* Debug */,
				09D1316E2BB4D8A20038244F /* Release */,
			);
			defaultConfigurationIsVisible = 0;
			defaultConfigurationName = Release;
		};
/* End XCConfigurationList section */
	};
	rootObject = 09D1314B2BB4D8A00038244F /* Project object */;
}
